
Microsoft Visual Studio Solution File, Format Version 12.00
Project("{FAE04EC0-301F-11D3-BF4B-00C04F79EFBC}") = "Xande", "Xande\Xande.csproj", "{3728CC45-B56B-4EC9-BCE1-5885B8E40C69}"
EndProject
Global
	GlobalSection(SolutionConfigurationPlatforms) = preSolution
		Debug|Any CPU = Debug|Any CPU
		Release|Any CPU = Release|Any CPU
	EndGlobalSection
	GlobalSection(ProjectConfigurationPlatforms) = postSolution
		{3728CC45-B56B-4EC9-BCE1-5885B8E40C69}.Debug|Any CPU.ActiveCfg = Debug|Any CPU
		{3728CC45-B56B-4EC9-BCE1-5885B8E40C69}.Debug|Any CPU.Build.0 = Debug|Any CPU
		{3728CC45-B56B-4EC9-BCE1-5885B8E40C69}.Release|Any CPU.ActiveCfg = Release|Any CPU
		{3728CC45-B56B-4EC9-BCE1-5885B8E40C69}.Release|Any CPU.Build.0 = Release|Any CPU
	EndGlobalSection
EndGlobal
