{
  "version": 1,
  "dependencies": {
    "net7.0-windows7.0": {
      "SkiaSharp": {
        "type": "Direct",
        "requested": "[2.88.6, )",
        "resolved": "2.88.6",
        "contentHash": "wdfeBAQrEQCbJIRgAiargzP1Uy+0grZiG4CSgBnhAgcJTsPzlifIaO73JRdwIlT3TyBoeU9jEqzwFUhl4hTYnQ==",
        "dependencies": {
          "SkiaSharp.NativeAssets.Win32": "2.88.6",
          "SkiaSharp.NativeAssets.macOS": "2.88.6"
        }
      },
      "Serilog": {
        "type": "Transitive",
        "resolved": "2.11.0",
        "contentHash": "ysv+hBzTul6Dp+Hvm10FlhJO3yMQcFKSAleus+LpiIzvNstpeV4Z7gGuIZ1OPNfIMulSHOjmLuGAEDKzpnV8ZQ=="
      },
      "SharpGLTF.Core": {
        "type": "Transitive",
        "resolved": "1.0.0-alpha0030",
        "contentHash": "HVL6PcrM0H/uEk96nRZfhtPeYvSFGHnni3g1aIckot2IWVp0jLMH5KWgaWfsatEz4Yds3XcdSLUWmJZivDBUPA=="
      },
      "SharpGLTF.Runtime": {
        "type": "Transitive",
        "resolved": "1.0.0-alpha0030",
        "contentHash": "Ysn+fyj9EVXj6mfG0BmzSTBGNi/QvcnTrMd54dBMOlI/TsMRvnOY3JjTn0MpeH2CgHXX4qogzlDt4m+rb3n4Og==",
        "dependencies": {
          "SharpGLTF.Core": "1.0.0-alpha0030"
        }
      },
      "SharpGLTF.Toolkit": {
        "type": "Transitive",
        "resolved": "1.0.0-alpha0030",
        "contentHash": "nsoJWAFhXgEky9bVCY0zLeZVDx+S88u7VjvuebvMb6dJiNyFOGF6FrrMHiJe+x5pcVBxxlc3VoXliBF7r/EqYA==",
        "dependencies": {
          "SharpGLTF.Runtime": "1.0.0-alpha0030"
        }
      },
      "SkiaSharp.NativeAssets.macOS": {
        "type": "Transitive",
        "resolved": "2.88.6",
        "contentHash": "Sko9LFxRXSjb3OGh5/RxrVRXxYo48tr5NKuuSy6jB85GrYt8WRqVY1iLOLwtjPiVAt4cp+pyD4i30azanS64dw=="
      },
      "SkiaSharp.NativeAssets.Win32": {
        "type": "Transitive",
        "resolved": "2.88.6",
        "contentHash": "7TzFO0u/g2MpQsTty4fyCDdMcfcWI+aLswwfnYXr3gtNS6VLKdMXPMeKpJa3pJSLnUBN6wD0JjuCe8OoLBQ6cQ=="
      },
      "ffxivclientstructs": {
        "type": "Project",
        "dependencies": {
          "Serilog": "[2.11.0, )"
        }
      },
      "Lumina2": {
        "type": "Project"
      },
      "xande.gltfimporter": {
        "type": "Project",
        "dependencies": {
          "Lumina2": "[2.4.2, )",
          "SharpGLTF.Core": "[1.0.0-alpha0030, )",
          "SharpGLTF.Toolkit": "[1.0.0-alpha0030, )"
        }
      }
    }
  }
}